Microsoft Visual Studio Solution File, Format Version 8.00
Project("{8BC9CEB8-8B4A-11D0-8D11-00A0C91BC942}") = "heroquest", "heroquest.vcproj", "{B0F58431-3DAF-4E12-A447-A40853E059F0}"
	ProjectSection(ProjectDependencies) = postProject
	EndProjectSection
EndProject
Project("{8BC9CEB8-8B4A-11D0-8D11-00A0C91BC942}") = "server", "..\server\server.vcproj", "{E560C90A-2BF7-4C53-A56C-4C68D81D9BDD}"
	ProjectSection(ProjectDependencies) = postProject
	EndProjectSection
EndProject
Project("{8BC9CEB8-8B4A-11D0-8D11-00A0C91BC942}") = "editor", "..\editor\editor.vcproj", "{56FF8FAC-E105-4054-82B2-F89370555750}"
	ProjectSection(ProjectDependencies) = postProject
	EndProjectSection
EndProject
Global
	GlobalSection(SolutionConfiguration) = preSolution
		Debug = Debug
		Release = Release
	EndGlobalSection
	GlobalSection(ProjectConfiguration) = postSolution
		{B0F58431-3DAF-4E12-A447-A40853E059F0}.Debug.ActiveCfg = Debug|Win32
		{B0F58431-3DAF-4E12-A447-A40853E059F0}.Debug.Build.0 = Debug|Win32
		{B0F58431-3DAF-4E12-A447-A40853E059F0}.Release.ActiveCfg = Release|Win32
		{B0F58431-3DAF-4E12-A447-A40853E059F0}.Release.Build.0 = Release|Win32
		{E560C90A-2BF7-4C53-A56C-4C68D81D9BDD}.Debug.ActiveCfg = Debug|Win32
		{E560C90A-2BF7-4C53-A56C-4C68D81D9BDD}.Debug.Build.0 = Debug|Win32
		{E560C90A-2BF7-4C53-A56C-4C68D81D9BDD}.Release.ActiveCfg = Release|Win32
		{E560C90A-2BF7-4C53-A56C-4C68D81D9BDD}.Release.Build.0 = Release|Win32
		{56FF8FAC-E105-4054-82B2-F89370555750}.Debug.ActiveCfg = Debug|Win32
		{56FF8FAC-E105-4054-82B2-F89370555750}.Debug.Build.0 = Debug|Win32
		{56FF8FAC-E105-4054-82B2-F89370555750}.Release.ActiveCfg = Release|Win32
		{56FF8FAC-E105-4054-82B2-F89370555750}.Release.Build.0 = Release|Win32
	EndGlobalSection
	GlobalSection(ExtensibilityGlobals) = postSolution
	EndGlobalSection
	GlobalSection(ExtensibilityAddIns) = postSolution
	EndGlobalSection
EndGlobal
