Microsoft Visual Studio Solution File, Format Version 9.00
# Visual Studio 2005
Project("{8BC9CEB8-8B4A-11D0-8D11-00A0C91BC942}") = "Engine", "Engine.vcproj", "{D2FF065B-A553-4673-9EDE-4873AFB86B78}"
EndProject
Project("{8BC9CEB8-8B4A-11D0-8D11-00A0C91BC942}") = "EngineTest", "..\heroquest\engineTest\EngineTest.vcproj", "{FB16F14F-6061-4851-9B88-7A8B5A2A8D93}"
EndProject
Project("{8BC9CEB8-8B4A-11D0-8D11-00A0C91BC942}") = "HQEditor", "..\heroquest\HQEditor\HQEditor.vcproj", "{AAF16EBA-5786-42A2-929F-E8207F2E0DE9}"
EndProject
Project("{8BC9CEB8-8B4A-11D0-8D11-00A0C91BC942}") = "HQClient", "..\heroquest\HQClient\HQClient.vcproj", "{885DB7B1-490A-4B47-8A3A-0BD6136B04A3}"
EndProject
Project("{8BC9CEB8-8B4A-11D0-8D11-00A0C91BC942}") = "HQServer", "..\heroquest\HQServer\HQServer.vcproj", "{63A13416-1246-40EE-9DEF-37AB12E4A324}"
EndProject
Project("{8BC9CEB8-8B4A-11D0-8D11-00A0C91BC942}") = "obj2hmb", "utilities\obj2hmb\obj2hmb.vcproj", "{BE0E47BD-D76B-4F1D-B522-0DB00AFADD3B}"
EndProject
Project("{8BC9CEB8-8B4A-11D0-8D11-00A0C91BC942}") = "editor", "..\editor\editor.vcproj", "{C7DC1010-FD3D-4B6C-A93F-89DF8D8C2176}"
EndProject
Global
	GlobalSection(SolutionConfigurationPlatforms) = preSolution
		Debug|Win32 = Debug|Win32
		Release|Win32 = Release|Win32
	EndGlobalSection
	GlobalSection(ProjectConfigurationPlatforms) = postSolution
		{D2FF065B-A553-4673-9EDE-4873AFB86B78}.Debug|Win32.ActiveCfg = Debug|Win32
		{D2FF065B-A553-4673-9EDE-4873AFB86B78}.Debug|Win32.Build.0 = Debug|Win32
		{D2FF065B-A553-4673-9EDE-4873AFB86B78}.Release|Win32.ActiveCfg = Release|Win32
		{D2FF065B-A553-4673-9EDE-4873AFB86B78}.Release|Win32.Build.0 = Release|Win32
		{FB16F14F-6061-4851-9B88-7A8B5A2A8D93}.Debug|Win32.ActiveCfg = Debug|Win32
		{FB16F14F-6061-4851-9B88-7A8B5A2A8D93}.Release|Win32.ActiveCfg = Release|Win32
		{AAF16EBA-5786-42A2-929F-E8207F2E0DE9}.Debug|Win32.ActiveCfg = Debug|Win32
		{AAF16EBA-5786-42A2-929F-E8207F2E0DE9}.Release|Win32.ActiveCfg = Release|Win32
		{885DB7B1-490A-4B47-8A3A-0BD6136B04A3}.Debug|Win32.ActiveCfg = Debug|Win32
		{885DB7B1-490A-4B47-8A3A-0BD6136B04A3}.Release|Win32.ActiveCfg = Release|Win32
		{63A13416-1246-40EE-9DEF-37AB12E4A324}.Debug|Win32.ActiveCfg = Debug|Win32
		{63A13416-1246-40EE-9DEF-37AB12E4A324}.Release|Win32.ActiveCfg = Release|Win32
		{BE0E47BD-D76B-4F1D-B522-0DB00AFADD3B}.Debug|Win32.ActiveCfg = Debug|Win32
		{BE0E47BD-D76B-4F1D-B522-0DB00AFADD3B}.Debug|Win32.Build.0 = Debug|Win32
		{BE0E47BD-D76B-4F1D-B522-0DB00AFADD3B}.Release|Win32.ActiveCfg = Release|Win32
		{BE0E47BD-D76B-4F1D-B522-0DB00AFADD3B}.Release|Win32.Build.0 = Release|Win32
		{C7DC1010-FD3D-4B6C-A93F-89DF8D8C2176}.Debug|Win32.ActiveCfg = Debug|Win32
		{C7DC1010-FD3D-4B6C-A93F-89DF8D8C2176}.Debug|Win32.Build.0 = Debug|Win32
		{C7DC1010-FD3D-4B6C-A93F-89DF8D8C2176}.Release|Win32.ActiveCfg = Release|Win32
		{C7DC1010-FD3D-4B6C-A93F-89DF8D8C2176}.Release|Win32.Build.0 = Release|Win32
	EndGlobalSection
	GlobalSection(SolutionProperties) = preSolution
		HideSolutionNode = FALSE
	EndGlobalSection
EndGlobal
